// !$*UTF8*$!
{
	archiveVersion = 1;
	classes = {
	};
	objectVersion = 56;
	objects = {

/* Begin PBXBuildFile section */
		1D3B16E7700C42ABDBAAA610 /* Pods_CIU.framework in Frameworks */ = {isa = PBXBuildFile; fileRef = C539E4CE972832DB5C968AE0 /* Pods_CIU.framework */; };
		EC09C1D4297975F000B9F602 /* FirebaseAnalytics in Frameworks */ = {isa = PBXBuildFile; productRef = EC09C1D3297975F000B9F602 /* FirebaseAnalytics */; };
		EC09C1D6297975F000B9F602 /* FirebaseAuth in Frameworks */ = {isa = PBXBuildFile; productRef = EC09C1D5297975F000B9F602 /* FirebaseAuth */; };
		EC09C1D92979908500B9F602 /* Utilities.swift in Sources */ = {isa = PBXBuildFile; fileRef = EC09C1D82979908500B9F602 /* Utilities.swift */; };
		EC09C1DC297EB89600B9F602 /* FirebaseFirestore in Frameworks */ = {isa = PBXBuildFile; productRef = EC09C1DB297EB89600B9F602 /* FirebaseFirestore */; };
		EC20139F2976FFF90026FE61 /* CalculateCV.swift in Sources */ = {isa = PBXBuildFile; fileRef = EC20139E2976FFF90026FE61 /* CalculateCV.swift */; };
		ECA40E7C2995857C00CBB0B4 /* GoogleService-Info.plist in Resources */ = {isa = PBXBuildFile; fileRef = ECA40E7B2995857900CBB0B4 /* GoogleService-Info.plist */; };
		ECA40E802995894300CBB0B4 /* info.swift in Sources */ = {isa = PBXBuildFile; fileRef = ECA40E7F2995894300CBB0B4 /* info.swift */; };
		ECC563F029841CEA0031D487 /* HistoryVC.swift in Sources */ = {isa = PBXBuildFile; fileRef = ECC563EF29841CEA0031D487 /* HistoryVC.swift */; };
		ECC563F32985DA600031D487 /* DataCell.swift in Sources */ = {isa = PBXBuildFile; fileRef = ECC563F12985DA600031D487 /* DataCell.swift */; };
		ECC563F42985DA600031D487 /* DataCell.xib in Resources */ = {isa = PBXBuildFile; fileRef = ECC563F22985DA600031D487 /* DataCell.xib */; };
		ECC563F6298614C50031D487 /* Constants.swift in Sources */ = {isa = PBXBuildFile; fileRef = ECC563F5298614C50031D487 /* Constants.swift */; };
		ECC563FA298B53EC0031D487 /* ForgetPasswordVC.swift in Sources */ = {isa = PBXBuildFile; fileRef = ECC563F9298B53EB0031D487 /* ForgetPasswordVC.swift */; };
		ECDF2B9C2973339C00A3BDC9 /* AppDelegate.swift in Sources */ = {isa = PBXBuildFile; fileRef = ECDF2B9B2973339C00A3BDC9 /* AppDelegate.swift */; };
		ECDF2B9E2973339C00A3BDC9 /* SceneDelegate.swift in Sources */ = {isa = PBXBuildFile; fileRef = ECDF2B9D2973339C00A3BDC9 /* SceneDelegate.swift */; };
		ECDF2BA02973339C00A3BDC9 /* LogInCV.swift in Sources */ = {isa = PBXBuildFile; fileRef = ECDF2B9F2973339C00A3BDC9 /* LogInCV.swift */; };
		ECDF2BA32973339C00A3BDC9 /* Main.storyboard in Resources */ = {isa = PBXBuildFile; fileRef = ECDF2BA12973339C00A3BDC9 /* Main.storyboard */; };
		ECDF2BA5297333A300A3BDC9 /* Assets.xcassets in Resources */ = {isa = PBXBuildFile; fileRef = ECDF2BA4297333A300A3BDC9 /* Assets.xcassets */; };
		ECDF2BA8297333A300A3BDC9 /* LaunchScreen.storyboard in Resources */ = {isa = PBXBuildFile; fileRef = ECDF2BA6297333A300A3BDC9 /* LaunchScreen.storyboard */; };
		ECDF2BB3297337D300A3BDC9 /* SignUpVC.swift in Sources */ = {isa = PBXBuildFile; fileRef = ECDF2BB2297337D300A3BDC9 /* SignUpVC.swift */; };
/* End PBXBuildFile section */

/* Begin PBXFileReference section */
		68CB4D05160D2BB58E84BEE5 /* Pods-CIU.release.xcconfig */ = {isa = PBXFileReference; includeInIndex = 1; lastKnownFileType = text.xcconfig; name = "Pods-CIU.release.xcconfig"; path = "Target Support Files/Pods-CIU/Pods-CIU.release.xcconfig"; sourceTree = "<group>"; };
		717A653FD154B4E52680508A /* Pods-CIU.debug.xcconfig */ = {isa = PBXFileReference; includeInIndex = 1; lastKnownFileType = text.xcconfig; name = "Pods-CIU.debug.xcconfig"; path = "Target Support Files/Pods-CIU/Pods-CIU.debug.xcconfig"; sourceTree = "<group>"; };
		C539E4CE972832DB5C968AE0 /* Pods_CIU.framework */ = {isa = PBXFileReference; explicitFileType = wrapper.framework; includeInIndex = 0; path = Pods_CIU.framework; sourceTree = BUILT_PRODUCTS_DIR; };
		EC09C1D82979908500B9F602 /* Utilities.swift */ = {isa = PBXFileReference; lastKnownFileType = sourcecode.swift; path = Utilities.swift; sourceTree = "<group>"; };
		EC20139E2976FFF90026FE61 /* CalculateCV.swift */ = {isa = PBXFileReference; lastKnownFileType = sourcecode.swift; path = CalculateCV.swift; sourceTree = "<group>"; };
		ECA40E7B2995857900CBB0B4 /* GoogleService-Info.plist */ = {isa = PBXFileReference; fileEncoding = 4; lastKnownFileType = text.plist.xml; name = "GoogleService-Info.plist"; path = "../../../../../Downloads/GoogleService-Info.plist"; sourceTree = "<group>"; };
		ECA40E7F2995894300CBB0B4 /* info.swift */ = {isa = PBXFileReference; fileEncoding = 4; lastKnownFileType = sourcecode.swift; path = info.swift; sourceTree = "<group>"; };
		ECC563EF29841CEA0031D487 /* HistoryVC.swift */ = {isa = PBXFileReference; lastKnownFileType = sourcecode.swift; path = HistoryVC.swift; sourceTree = "<group>"; };
		ECC563F12985DA600031D487 /* DataCell.swift */ = {isa = PBXFileReference; lastKnownFileType = sourcecode.swift; path = DataCell.swift; sourceTree = "<group>"; };
		ECC563F22985DA600031D487 /* DataCell.xib */ = {isa = PBXFileReference; lastKnownFileType = file.xib; path = DataCell.xib; sourceTree = "<group>"; };
		ECC563F5298614C50031D487 /* Constants.swift */ = {isa = PBXFileReference; lastKnownFileType = sourcecode.swift; path = Constants.swift; sourceTree = "<group>"; };
		ECC563F9298B53EB0031D487 /* ForgetPasswordVC.swift */ = {isa = PBXFileReference; lastKnownFileType = sourcecode.swift; path = ForgetPasswordVC.swift; sourceTree = "<group>"; };
		ECDF2B982973339C00A3BDC9 /* CIU.app */ = {isa = PBXFileReference; explicitFileType = wrapper.application; includeInIndex = 0; path = CIU.app; sourceTree = BUILT_PRODUCTS_DIR; };
		ECDF2B9B2973339C00A3BDC9 /* AppDelegate.swift */ = {isa = PBXFileReference; lastKnownFileType = sourcecode.swift; path = AppDelegate.swift; sourceTree = "<group>"; };
		ECDF2B9D2973339C00A3BDC9 /* SceneDelegate.swift */ = {isa = PBXFileReference; lastKnownFileType = sourcecode.swift; path = SceneDelegate.swift; sourceTree = "<group>"; };
		ECDF2B9F2973339C00A3BDC9 /* LogInCV.swift */ = {isa = PBXFileReference; lastKnownFileType = sourcecode.swift; path = LogInCV.swift; sourceTree = "<group>"; };
		ECDF2BA22973339C00A3BDC9 /* Base */ = {isa = PBXFileReference; lastKnownFileType = file.storyboard; name = Base; path = Base.lproj/Main.storyboard; sourceTree = "<group>"; };
		ECDF2BA4297333A300A3BDC9 /* Assets.xcassets */ = {isa = PBXFileReference; lastKnownFileType = folder.assetcatalog; path = Assets.xcassets; sourceTree = "<group>"; };
		ECDF2BA7297333A300A3BDC9 /* Base */ = {isa = PBXFileReference; lastKnownFileType = file.storyboard; name = Base; path = Base.lproj/LaunchScreen.storyboard; sourceTree = "<group>"; };
		ECDF2BA9297333A300A3BDC9 /* Info.plist */ = {isa = PBXFileReference; lastKnownFileType = text.plist.xml; path = Info.plist; sourceTree = "<group>"; };
		ECDF2BB2297337D300A3BDC9 /* SignUpVC.swift */ = {isa = PBXFileReference; lastKnownFileType = sourcecode.swift; path = SignUpVC.swift; sourceTree = "<group>"; };
/* End PBXFileReference section */

/* Begin PBXFrameworksBuildPhase section */
		ECDF2B952973339C00A3BDC9 /* Frameworks */ = {
			isa = PBXFrameworksBuildPhase;
			buildActionMask = 2147483647;
			files = (
				EC09C1D4297975F000B9F602 /* FirebaseAnalytics in Frameworks */,
				EC09C1D6297975F000B9F602 /* FirebaseAuth in Frameworks */,
				EC09C1DC297EB89600B9F602 /* FirebaseFirestore in Frameworks */,
				1D3B16E7700C42ABDBAAA610 /* Pods_CIU.framework in Frameworks */,
			);
			runOnlyForDeploymentPostprocessing = 0;
		};
/* End PBXFrameworksBuildPhase section */

/* Begin PBXGroup section */
		34816D77873C441EFFEB4D7F /* Pods */ = {
			isa = PBXGroup;
			children = (
				717A653FD154B4E52680508A /* Pods-CIU.debug.xcconfig */,
				68CB4D05160D2BB58E84BEE5 /* Pods-CIU.release.xcconfig */,
			);
			name = Pods;
			path = Pods;
			sourceTree = "<group>";
		};
		D0B2C74B787B98545CBD9E1E /* Frameworks */ = {
			isa = PBXGroup;
			children = (
				C539E4CE972832DB5C968AE0 /* Pods_CIU.framework */,
			);
			name = Frameworks;
			sourceTree = "<group>";
		};
		EC09C1D72979905A00B9F602 /* resources */ = {
			isa = PBXGroup;
			children = (
				EC09C1D82979908500B9F602 /* Utilities.swift */,
				ECC563F5298614C50031D487 /* Constants.swift */,
			);
			path = resources;
			sourceTree = "<group>";
		};
		ECC563FD298B69310031D487 /* Models */ = {
			isa = PBXGroup;
			children = (
				ECA40E7F2995894300CBB0B4 /* info.swift */,
			);
			path = Models;
			sourceTree = "<group>";
		};
		ECDF2B8F2973339B00A3BDC9 = {
			isa = PBXGroup;
			children = (
				ECDF2B9A2973339C00A3BDC9 /* CIU */,
				ECDF2B992973339C00A3BDC9 /* Products */,
				34816D77873C441EFFEB4D7F /* Pods */,
				D0B2C74B787B98545CBD9E1E /* Frameworks */,
			);
			sourceTree = "<group>";
		};
		ECDF2B992973339C00A3BDC9 /* Products */ = {
			isa = PBXGroup;
			children = (
				ECDF2B982973339C00A3BDC9 /* CIU.app */,
			);
			name = Products;
			sourceTree = "<group>";
		};
		ECDF2B9A2973339C00A3BDC9 /* CIU */ = {
			isa = PBXGroup;
			children = (
				ECDF2B9B2973339C00A3BDC9 /* AppDelegate.swift */,
				ECDF2B9D2973339C00A3BDC9 /* SceneDelegate.swift */,
				EC09C1D72979905A00B9F602 /* resources */,
				ECDF2BB1297333F200A3BDC9 /* Controllers */,
				ECDF2BB0297333DF00A3BDC9 /* Views */,
				ECC563FD298B69310031D487 /* Models */,
				ECDF2BA4297333A300A3BDC9 /* Assets.xcassets */,
				ECA40E7B2995857900CBB0B4 /* GoogleService-Info.plist */,
				ECDF2BA6297333A300A3BDC9 /* LaunchScreen.storyboard */,
				ECDF2BA9297333A300A3BDC9 /* Info.plist */,
			);
			path = CIU;
			sourceTree = "<group>";
		};
		ECDF2BB0297333DF00A3BDC9 /* Views */ = {
			isa = PBXGroup;
			children = (
				ECDF2BA12973339C00A3BDC9 /* Main.storyboard */,
				ECC563F12985DA600031D487 /* DataCell.swift */,
				ECC563F22985DA600031D487 /* DataCell.xib */,
			);
			path = Views;
			sourceTree = "<group>";
		};
		ECDF2BB1297333F200A3BDC9 /* Controllers */ = {
			isa = PBXGroup;
			children = (
				EC20139E2976FFF90026FE61 /* CalculateCV.swift */,
				ECC563EF29841CEA0031D487 /* HistoryVC.swift */,
				ECDF2BB2297337D300A3BDC9 /* SignUpVC.swift */,
				ECDF2B9F2973339C00A3BDC9 /* LogInCV.swift */,
				ECC563F9298B53EB0031D487 /* ForgetPasswordVC.swift */,
			);
			path = Controllers;
			sourceTree = "<group>";
		};
/* End PBXGroup section */

/* Begin PBXNativeTarget section */
		ECDF2B972973339C00A3BDC9 /* CIU */ = {
			isa = PBXNativeTarget;
			buildConfigurationList = ECDF2BAC297333A300A3BDC9 /* Build configuration list for PBXNativeTarget "CIU" */;
			buildPhases = (
				C4B2EC3D9ABE2879C08E4665 /* [CP] Check Pods Manifest.lock */,
				ECDF2B942973339C00A3BDC9 /* Sources */,
				ECDF2B952973339C00A3BDC9 /* Frameworks */,
				ECDF2B962973339C00A3BDC9 /* Resources */,
				D8A4016DDC7FCC7273F44791 /* [CP] Embed Pods Frameworks */,
			);
			buildRules = (
			);
			dependencies = (
			);
			name = CIU;
			packageProductDependencies = (
				EC09C1D3297975F000B9F602 /* FirebaseAnalytics */,
				EC09C1D5297975F000B9F602 /* FirebaseAuth */,
				EC09C1DB297EB89600B9F602 /* FirebaseFirestore */,
			);
			productName = CIU;
			productReference = ECDF2B982973339C00A3BDC9 /* CIU.app */;
			productType = "com.apple.product-type.application";
		};
/* End PBXNativeTarget section */

/* Begin PBXProject section */
		ECDF2B902973339B00A3BDC9 /* Project object */ = {
			isa = PBXProject;
			attributes = {
				BuildIndependentTargetsInParallel = 1;
				LastSwiftUpdateCheck = 1420;
				LastUpgradeCheck = 1420;
				TargetAttributes = {
					ECDF2B972973339C00A3BDC9 = {
						CreatedOnToolsVersion = 14.2;
					};
				};
			};
			buildConfigurationList = ECDF2B932973339B00A3BDC9 /* Build configuration list for PBXProject "CIU" */;
			compatibilityVersion = "Xcode 14.0";
			developmentRegion = en;
			hasScannedForEncodings = 0;
			knownRegions = (
				en,
				Base,
			);
			mainGroup = ECDF2B8F2973339B00A3BDC9;
			packageReferences = (
				EC09C1D2297975F000B9F602 /* XCRemoteSwiftPackageReference "firebase-ios-sdk" */,
			);
			productRefGroup = ECDF2B992973339C00A3BDC9 /* Products */;
			projectDirPath = "";
			projectRoot = "";
			targets = (
				ECDF2B972973339C00A3BDC9 /* CIU */,
			);
		};
/* End PBXProject section */

/* Begin PBXResourcesBuildPhase section */
		ECDF2B962973339C00A3BDC9 /* Resources */ = {
			isa = PBXResourcesBuildPhase;
			buildActionMask = 2147483647;
			files = (
				ECDF2BA8297333A300A3BDC9 /* LaunchScreen.storyboard in Resources */,
				ECDF2BA5297333A300A3BDC9 /* Assets.xcassets in Resources */,
				ECA40E7C2995857C00CBB0B4 /* GoogleService-Info.plist in Resources */,
				ECC563F42985DA600031D487 /* DataCell.xib in Resources */,
				ECDF2BA32973339C00A3BDC9 /* Main.storyboard in Resources */,
			);
			runOnlyForDeploymentPostprocessing = 0;
		};
/* End PBXResourcesBuildPhase section */

/* Begin PBXShellScriptBuildPhase section */
		C4B2EC3D9ABE2879C08E4665 /* [CP] Check Pods Manifest.lock */ = {
			isa = PBXShellScriptBuildPhase;
			buildActionMask = 2147483647;
			files = (
			);
			inputFileListPaths = (
			);
			inputPaths = (
				"${PODS_PODFILE_DIR_PATH}/Podfile.lock",
				"${PODS_ROOT}/Manifest.lock",
			);
			name = "[CP] Check Pods Manifest.lock";
			outputFileListPaths = (
			);
			outputPaths = (
				"$(DERIVED_FILE_DIR)/Pods-CIU-checkManifestLockResult.txt",
			);
			runOnlyForDeploymentPostprocessing = 0;
			shellPath = /bin/sh;
			shellScript = "diff \"${PODS_PODFILE_DIR_PATH}/Podfile.lock\" \"${PODS_ROOT}/Manifest.lock\" > /dev/null\nif [ $? != 0 ] ; then\n    # print error to STDERR\n    echo \"error: The sandbox is not in sync with the Podfile.lock. Run 'pod install' or update your CocoaPods installation.\" >&2\n    exit 1\nfi\n# This output is used by Xcode 'outputs' to avoid re-running this script phase.\necho \"SUCCESS\" > \"${SCRIPT_OUTPUT_FILE_0}\"\n";
			showEnvVarsInLog = 0;
		};
		D8A4016DDC7FCC7273F44791 /* [CP] Embed Pods Frameworks */ = {
			isa = PBXShellScriptBuildPhase;
			buildActionMask = 2147483647;
			files = (
			);
			inputFileListPaths = (
				"${PODS_ROOT}/Target Support Files/Pods-CIU/Pods-CIU-frameworks-${CONFIGURATION}-input-files.xcfilelist",
			);
			name = "[CP] Embed Pods Frameworks";
			outputFileListPaths = (
				"${PODS_ROOT}/Target Support Files/Pods-CIU/Pods-CIU-frameworks-${CONFIGURATION}-output-files.xcfilelist",
			);
			runOnlyForDeploymentPostprocessing = 0;
			shellPath = /bin/sh;
			shellScript = "\"${PODS_ROOT}/Target Support Files/Pods-CIU/Pods-CIU-frameworks.sh\"\n";
			showEnvVarsInLog = 0;
		};
/* End PBXShellScriptBuildPhase section */

/* Begin PBXSourcesBuildPhase section */
		ECDF2B942973339C00A3BDC9 /* Sources */ = {
			isa = PBXSourcesBuildPhase;
			buildActionMask = 2147483647;
			files = (
				EC09C1D92979908500B9F602 /* Utilities.swift in Sources */,
				ECDF2BB3297337D300A3BDC9 /* SignUpVC.swift in Sources */,
				ECDF2BA02973339C00A3BDC9 /* LogInCV.swift in Sources */,
				EC20139F2976FFF90026FE61 /* CalculateCV.swift in Sources */,
				ECC563FA298B53EC0031D487 /* ForgetPasswordVC.swift in Sources */,
				ECC563F6298614C50031D487 /* Constants.swift in Sources */,
				ECC563F029841CEA0031D487 /* HistoryVC.swift in Sources */,
				ECDF2B9C2973339C00A3BDC9 /* AppDelegate.swift in Sources */,
				ECC563F32985DA600031D487 /* DataCell.swift in Sources */,
				ECA40E802995894300CBB0B4 /* info.swift in Sources */,
				ECDF2B9E2973339C00A3BDC9 /* SceneDelegate.swift in Sources */,
			);
			runOnlyForDeploymentPostprocessing = 0;
		};
/* End PBXSourcesBuildPhase section */

/* Begin PBXVariantGroup section */
		ECDF2BA12973339C00A3BDC9 /* Main.storyboard */ = {
			isa = PBXVariantGroup;
			children = (
				ECDF2BA22973339C00A3BDC9 /* Base */,
			);
			name = Main.storyboard;
			sourceTree = "<group>";
		};
		ECDF2BA6297333A300A3BDC9 /* LaunchScreen.storyboard */ = {
			isa = PBXVariantGroup;
			children = (
				ECDF2BA7297333A300A3BDC9 /* Base */,
			);
			name = LaunchScreen.storyboard;
			sourceTree = "<group>";
		};
/* End PBXVariantGroup section */

/* Begin XCBuildConfiguration section */
		ECDF2BAA297333A300A3BDC9 /* Debug */ = {
			isa = XCBuildConfiguration;
			buildSettings = {
				ALWAYS_SEARCH_USER_PATHS = NO;
				CLANG_ANALYZER_NONNULL = YES;
				CLANG_ANALYZER_NUMBER_OBJECT_CONVERSION = YES_AGGRESSIVE;
				CLANG_CXX_LANGUAGE_STANDARD = "gnu++20";
				CLANG_ENABLE_MODULES = YES;
				CLANG_ENABLE_OBJC_ARC = YES;
				CLANG_ENABLE_OBJC_WEAK = YES;
				CLANG_WARN_BLOCK_CAPTURE_AUTORELEASING = YES;
				CLANG_WARN_BOOL_CONVERSION = YES;
				CLANG_WARN_COMMA = YES;
				CLANG_WARN_CONSTANT_CONVERSION = YES;
				CLANG_WARN_DEPRECATED_OBJC_IMPLEMENTATIONS = YES;
				CLANG_WARN_DIRECT_OBJC_ISA_USAGE = YES_ERROR;
				CLANG_WARN_DOCUMENTATION_COMMENTS = YES;
				CLANG_WARN_EMPTY_BODY = YES;
				CLANG_WARN_ENUM_CONVERSION = YES;
				CLANG_WARN_INFINITE_RECURSION = YES;
				CLANG_WARN_INT_CONVERSION = YES;
				CLANG_WARN_NON_LITERAL_NULL_CONVERSION = YES;
				CLANG_WARN_OBJC_IMPLICIT_RETAIN_SELF = YES;
				CLANG_WARN_OBJC_LITERAL_CONVERSION = YES;
				CLANG_WARN_OBJC_ROOT_CLASS = YES_ERROR;
				CLANG_WARN_QUOTED_INCLUDE_IN_FRAMEWORK_HEADER = YES;
				CLANG_WARN_RANGE_LOOP_ANALYSIS = YES;
				CLANG_WARN_STRICT_PROTOTYPES = YES;
				CLANG_WARN_SUSPICIOUS_MOVE = YES;
				CLANG_WARN_UNGUARDED_AVAILABILITY = YES_AGGRESSIVE;
				CLANG_WARN_UNREACHABLE_CODE = YES;
				CLANG_WARN__DUPLICATE_METHOD_MATCH = YES;
				COPY_PHASE_STRIP = NO;
				DEBUG_INFORMATION_FORMAT = dwarf;
				ENABLE_STRICT_OBJC_MSGSEND = YES;
				ENABLE_TESTABILITY = YES;
				GCC_C_LANGUAGE_STANDARD = gnu11;
				GCC_DYNAMIC_NO_PIC = NO;
				GCC_NO_COMMON_BLOCKS = YES;
				GCC_OPTIMIZATION_LEVEL = 0;
				GCC_PREPROCESSOR_DEFINITIONS = (
					"DEBUG=1",
					"$(inherited)",
				);
				GCC_WARN_64_TO_32_BIT_CONVERSION = YES;
				GCC_WARN_ABOUT_RETURN_TYPE = YES_ERROR;
				GCC_WARN_UNDECLARED_SELECTOR = YES;
				GCC_WARN_UNINITIALIZED_AUTOS = YES_AGGRESSIVE;
				GCC_WARN_UNUSED_FUNCTION = YES;
				GCC_WARN_UNUSED_VARIABLE = YES;
				IPHONEOS_DEPLOYMENT_TARGET = 16.2;
				MTL_ENABLE_DEBUG_INFO = INCLUDE_SOURCE;
				MTL_FAST_MATH = YES;
				ONLY_ACTIVE_ARCH = YES;
				SDKROOT = iphoneos;
				SWIFT_ACTIVE_COMPILATION_CONDITIONS = DEBUG;
				SWIFT_OPTIMIZATION_LEVEL = "-Onone";
			};
			name = Debug;
		};
		ECDF2BAB297333A300A3BDC9 /* Release */ = {
			isa = XCBuildConfiguration;
			buildSettings = {
				ALWAYS_SEARCH_USER_PATHS = NO;
				CLANG_ANALYZER_NONNULL = YES;
				CLANG_ANALYZER_NUMBER_OBJECT_CONVERSION = YES_AGGRESSIVE;
				CLANG_CXX_LANGUAGE_STANDARD = "gnu++20";
				CLANG_ENABLE_MODULES = YES;
				CLANG_ENABLE_OBJC_ARC = YES;
				CLANG_ENABLE_OBJC_WEAK = YES;
				CLANG_WARN_BLOCK_CAPTURE_AUTORELEASING = YES;
				CLANG_WARN_BOOL_CONVERSION = YES;
				CLANG_WARN_COMMA = YES;
				CLANG_WARN_CONSTANT_CONVERSION = YES;
				CLANG_WARN_DEPRECATED_OBJC_IMPLEMENTATIONS = YES;
				CLANG_WARN_DIRECT_OBJC_ISA_USAGE = YES_ERROR;
				CLANG_WARN_DOCUMENTATION_COMMENTS = YES;
				CLANG_WARN_EMPTY_BODY = YES;
				CLANG_WARN_ENUM_CONVERSION = YES;
				CLANG_WARN_INFINITE_RECURSION = YES;
				CLANG_WARN_INT_CONVERSION = YES;
				CLANG_WARN_NON_LITERAL_NULL_CONVERSION = YES;
				CLANG_WARN_OBJC_IMPLICIT_RETAIN_SELF = YES;
				CLANG_WARN_OBJC_LITERAL_CONVERSION = YES;
				CLANG_WARN_OBJC_ROOT_CLASS = YES_ERROR;
				CLANG_WARN_QUOTED_INCLUDE_IN_FRAMEWORK_HEADER = YES;
				CLANG_WARN_RANGE_LOOP_ANALYSIS = YES;
				CLANG_WARN_STRICT_PROTOTYPES = YES;
				CLANG_WARN_SUSPICIOUS_MOVE = YES;
				CLANG_WARN_UNGUARDED_AVAILABILITY = YES_AGGRESSIVE;
				CLANG_WARN_UNREACHABLE_CODE = YES;
				CLANG_WARN__DUPLICATE_METHOD_MATCH = YES;
				COPY_PHASE_STRIP = NO;
				DEBUG_INFORMATION_FORMAT = "dwarf-with-dsym";
				ENABLE_NS_ASSERTIONS = NO;
				ENABLE_STRICT_OBJC_MSGSEND = YES;
				GCC_C_LANGUAGE_STANDARD = gnu11;
				GCC_NO_COMMON_BLOCKS = YES;
				GCC_WARN_64_TO_32_BIT_CONVERSION = YES;
				GCC_WARN_ABOUT_RETURN_TYPE = YES_ERROR;
				GCC_WARN_UNDECLARED_SELECTOR = YES;
				GCC_WARN_UNINITIALIZED_AUTOS = YES_AGGRESSIVE;
				GCC_WARN_UNUSED_FUNCTION = YES;
				GCC_WARN_UNUSED_VARIABLE = YES;
				IPHONEOS_DEPLOYMENT_TARGET = 16.2;
				MTL_ENABLE_DEBUG_INFO = NO;
				MTL_FAST_MATH = YES;
				SDKROOT = iphoneos;
				SWIFT_COMPILATION_MODE = wholemodule;
				SWIFT_OPTIMIZATION_LEVEL = "-O";
				VALIDATE_PRODUCT = YES;
			};
			name = Release;
		};
		ECDF2BAD297333A300A3BDC9 /* Debug */ = {
			isa = XCBuildConfiguration;
			baseConfigurationReference = 717A653FD154B4E52680508A /* Pods-CIU.debug.xcconfig */;
			buildSettings = {
				ASSETCATALOG_COMPILER_APPICON_NAME = AppIcon;
				ASSETCATALOG_COMPILER_GLOBAL_ACCENT_COLOR_NAME = AccentColor;
				ASSETCATALOG_COMPILER_INCLUDE_ALL_APPICON_ASSETS = YES;
				CODE_SIGN_STYLE = Automatic;
				CURRENT_PROJECT_VERSION = 1;
				DEVELOPMENT_TEAM = VQ86CX5QSX;
				GENERATE_INFOPLIST_FILE = YES;
				INFOPLIST_FILE = CIU/Info.plist;
				INFOPLIST_KEY_CFBundleDisplayName = CountItUP;
				INFOPLIST_KEY_LSApplicationCategoryType = "public.app-category.healthcare-fitness";
				INFOPLIST_KEY_UIApplicationSupportsIndirectInputEvents = YES;
				INFOPLIST_KEY_UILaunchStoryboardName = LaunchScreen;
				INFOPLIST_KEY_UIMainStoryboardFile = Main;
				INFOPLIST_KEY_UIStatusBarStyle = "";
				INFOPLIST_KEY_UISupportedInterfaceOrientations = UIInterfaceOrientationPortrait;
				LD_RUNPATH_SEARCH_PATHS = (
					"$(inherited)",
					"@executable_path/Frameworks",
				);
				MARKETING_VERSION = 1.0;
				PRODUCT_BUNDLE_IDENTIFIER = abdallahiT.CIU;
				PRODUCT_NAME = "$(TARGET_NAME)";
				SUPPORTED_PLATFORMS = "iphoneos iphonesimulator";
				SUPPORTS_MACCATALYST = NO;
				SUPPORTS_MAC_DESIGNED_FOR_IPHONE_IPAD = YES;
				SWIFT_EMIT_LOC_STRINGS = YES;
				SWIFT_VERSION = 5.0;
				TARGETED_DEVICE_FAMILY = 1;
			};
			name = Debug;
		};
		ECDF2BAE297333A300A3BDC9 /* Release */ = {
			isa = XCBuildConfiguration;
			baseConfigurationReference = 68CB4D05160D2BB58E84BEE5 /* Pods-CIU.release.xcconfig */;
			buildSettings = {
				ASSETCATALOG_COMPILER_APPICON_NAME = AppIcon;
				ASSETCATALOG_COMPILER_GLOBAL_ACCENT_COLOR_NAME = AccentColor;
				ASSETCATALOG_COMPILER_INCLUDE_ALL_APPICON_ASSETS = YES;
				CODE_SIGN_STYLE = Automatic;
				CURRENT_PROJECT_VERSION = 1;
				DEVELOPMENT_TEAM = VQ86CX5QSX;
				GENERATE_INFOPLIST_FILE = YES;
				INFOPLIST_FILE = CIU/Info.plist;
				INFOPLIST_KEY_CFBundleDisplayName = CountItUP;
				INFOPLIST_KEY_LSApplicationCategoryType = "public.app-category.healthcare-fitness";
				INFOPLIST_KEY_UIApplicationSupportsIndirectInputEvents = YES;
				INFOPLIST_KEY_UILaunchStoryboardName = LaunchScreen;
				INFOPLIST_KEY_UIMainStoryboardFile = Main;
				INFOPLIST_KEY_UIStatusBarStyle = "";
				INFOPLIST_KEY_UISupportedInterfaceOrientations = UIInterfaceOrientationPortrait;
				LD_RUNPATH_SEARCH_PATHS = (
					"$(inherited)",
					"@executable_path/Frameworks",
				);
				MARKETING_VERSION = 1.0;
				PRODUCT_BUNDLE_IDENTIFIER = abdallahiT.CIU;
				PRODUCT_NAME = "$(TARGET_NAME)";
				SUPPORTED_PLATFORMS = "iphoneos iphonesimulator";
				SUPPORTS_MACCATALYST = NO;
				SUPPORTS_MAC_DESIGNED_FOR_IPHONE_IPAD = YES;
				SWIFT_EMIT_LOC_STRINGS = YES;
				SWIFT_VERSION = 5.0;
				TARGETED_DEVICE_FAMILY = 1;
			};
			name = Release;
		};
/* End XCBuildConfiguration section */

/* Begin XCConfigurationList section */
		ECDF2B932973339B00A3BDC9 /* Build configuration list for PBXProject "CIU" */ = {
			isa = XCConfigurationList;
			buildConfigurations = (
				ECDF2BAA297333A300A3BDC9 /* Debug */,
				ECDF2BAB297333A300A3BDC9 /* Release */,
			);
			defaultConfigurationIsVisible = 0;
			defaultConfigurationName = Release;
		};
		ECDF2BAC297333A300A3BDC9 /* Build configuration list for PBXNativeTarget "CIU" */ = {
			isa = XCConfigurationList;
			buildConfigurations = (
				ECDF2BAD297333A300A3BDC9 /* Debug */,
				ECDF2BAE297333A300A3BDC9 /* Release */,
			);
			defaultConfigurationIsVisible = 0;
			defaultConfigurationName = Release;
		};
/* End XCConfigurationList section */

/* Begin XCRemoteSwiftPackageReference section */
		EC09C1D2297975F000B9F602 /* XCRemoteSwiftPackageReference "firebase-ios-sdk" */ = {
			isa = XCRemoteSwiftPackageReference;
			repositoryURL = "https://github.com/firebase/firebase-ios-sdk";
			requirement = {
				kind = upToNextMajorVersion;
				minimumVersion = 9.0.0;
			};
		};
/* End XCRemoteSwiftPackageReference section */

/* Begin XCSwiftPackageProductDependency section */
		EC09C1D3297975F000B9F602 /* FirebaseAnalytics */ = {
			isa = XCSwiftPackageProductDependency;
			package = EC09C1D2297975F000B9F602 /* XCRemoteSwiftPackageReference "firebase-ios-sdk" */;
			productName = FirebaseAnalytics;
		};
		EC09C1D5297975F000B9F602 /* FirebaseAuth */ = {
			isa = XCSwiftPackageProductDependency;
			package = EC09C1D2297975F000B9F602 /* XCRemoteSwiftPackageReference "firebase-ios-sdk" */;
			productName = FirebaseAuth;
		};
		EC09C1DB297EB89600B9F602 /* FirebaseFirestore */ = {
			isa = XCSwiftPackageProductDependency;
			package = EC09C1D2297975F000B9F602 /* XCRemoteSwiftPackageReference "firebase-ios-sdk" */;
			productName = FirebaseFirestore;
		};
/* End XCSwiftPackageProductDependency section */
	};
	rootObject = ECDF2B902973339B00A3BDC9 /* Project object */;
}
